
Microsoft Visual Studio Solution File, Format Version 12.00
# Visual Studio Version 16
VisualStudioVersion = 16.0.28803.202
MinimumVisualStudioVersion = 10.0.40219.1
Project("{FAE04EC0-301F-11D3-BF4B-00C04F79EFBC}") = "WhileLoop", "WhileLoop\WhileLoop.csproj", "{FC63B857-6E76-480A-BF47-706929B0EC0E}"
EndProject
Project("{FAE04EC0-301F-11D3-BF4B-00C04F79EFBC}") = "PINValidationThreeTries", "PINValidationThreeTries\PINValidationThreeTries.csproj", "{0C8959F0-97DD-427E-9A50-95F7C3EAE4A7}"
EndProject
Project("{FAE04EC0-301F-11D3-BF4B-00C04F79EFBC}") = "LoginValidation", "LoginValidation\LoginValidation.csproj", "{CA350948-C45D-4280-8683-0A31FAAEF135}"
EndProject
Global
	GlobalSection(SolutionConfigurationPlatforms) = preSolution
		Debug|Any CPU = Debug|Any CPU
		Release|Any CPU = Release|Any CPU
	EndGlobalSection
	GlobalSection(ProjectConfigurationPlatforms) = postSolution
		{FC63B857-6E76-480A-BF47-706929B0EC0E}.Debug|Any CPU.ActiveCfg = Debug|Any CPU
		{FC63B857-6E76-480A-BF47-706929B0EC0E}.Debug|Any CPU.Build.0 = Debug|Any CPU
		{FC63B857-6E76-480A-BF47-706929B0EC0E}.Release|Any CPU.ActiveCfg = Release|Any CPU
		{FC63B857-6E76-480A-BF47-706929B0EC0E}.Release|Any CPU.Build.0 = Release|Any CPU
		{0C8959F0-97DD-427E-9A50-95F7C3EAE4A7}.Debug|Any CPU.ActiveCfg = Debug|Any CPU
		{0C8959F0-97DD-427E-9A50-95F7C3EAE4A7}.Debug|Any CPU.Build.0 = Debug|Any CPU
		{0C8959F0-97DD-427E-9A50-95F7C3EAE4A7}.Release|Any CPU.ActiveCfg = Release|Any CPU
		{0C8959F0-97DD-427E-9A50-95F7C3EAE4A7}.Release|Any CPU.Build.0 = Release|Any CPU
		{CA350948-C45D-4280-8683-0A31FAAEF135}.Debug|Any CPU.ActiveCfg = Debug|Any CPU
		{CA350948-C45D-4280-8683-0A31FAAEF135}.Debug|Any CPU.Build.0 = Debug|Any CPU
		{CA350948-C45D-4280-8683-0A31FAAEF135}.Release|Any CPU.ActiveCfg = Release|Any CPU
		{CA350948-C45D-4280-8683-0A31FAAEF135}.Release|Any CPU.Build.0 = Release|Any CPU
	EndGlobalSection
	GlobalSection(SolutionProperties) = preSolution
		HideSolutionNode = FALSE
	EndGlobalSection
	GlobalSection(ExtensibilityGlobals) = postSolution
		SolutionGuid = {4500F4FE-3B36-4FE7-AD40-EA76265FAEE1}
	EndGlobalSection
EndGlobal
